PODS:
  - Alamofire (4.2.0)
  - FontAwesome.swift (1.0.0)
  - Realm (2.1.0):
    - Realm/Headers (= 2.1.0)
  - Realm/Headers (2.1.0)
  - RealmSwift (2.1.0):
    - Realm (= 2.1.0)
  - Socket.IO-Client-Swift (10.0.0)

DEPENDENCIES:
  - Alamofire (~> 4.0)
  - FontAwesome.swift
  - RealmSwift
  - Socket.IO-Client-Swift (~> 10.0)

SPEC CHECKSUMS:
  Alamofire: aa2e09d871c9160ac53c90e83c68064a94e3dfbe
  FontAwesome.swift: 2d32a3d62195343c2004b7c9043294ed2948553a
  Realm: bc829ad0ef3d4eea70c34cfcc3b1704d18d50df1
  RealmSwift: a4d4abbf0088c337cab5b738054395842e4b3052
  Socket.IO-Client-Swift: 9c5b4e5e76e30e1b9a1804c40e11dad0a002b1a4

PODFILE CHECKSUM: 71c1839253f02fb12239f88c78b65410473862cf

COCOAPODS: 1.2.1
